
Microsoft Visual Studio Solution File, Format Version 12.00
Project("{F2A71F9B-5D33-465A-A702-920D77279786}") = "api", "src\api\api.fsproj", "{ABF15446-C517-44CC-B908-15DB3726EA5B}"
EndProject
Project("{F2A71F9B-5D33-465A-A702-920D77279786}") = "api.tests", "test\api.tests\api.tests.fsproj", "{9D6167A1-AAEF-4E0E-B008-206B63271E63}"
EndProject
Project("{2150E333-8FDC-42A3-9474-1A3956D46DE8}") = "src", "src", "{6A2A7343-B661-4814-A732-C874F21239E1}"
EndProject
Project("{2150E333-8FDC-42A3-9474-1A3956D46DE8}") = "tests", "tests", "{E9C0FFB2-34F8-4155-8AFC-6CDB6622B8C7}"
EndProject
Global
	GlobalSection(SolutionConfigurationPlatforms) = preSolution
		Debug|Any CPU = Debug|Any CPU
		Release|Any CPU = Release|Any CPU
	EndGlobalSection
	GlobalSection(ProjectConfigurationPlatforms) = postSolution
		{ABF15446-C517-44CC-B908-15DB3726EA5B}.Debug|Any CPU.ActiveCfg = Debug|Any CPU
		{ABF15446-C517-44CC-B908-15DB3726EA5B}.Debug|Any CPU.Build.0 = Debug|Any CPU
		{ABF15446-C517-44CC-B908-15DB3726EA5B}.Release|Any CPU.ActiveCfg = Release|Any CPU
		{ABF15446-C517-44CC-B908-15DB3726EA5B}.Release|Any CPU.Build.0 = Release|Any CPU
		{9D6167A1-AAEF-4E0E-B008-206B63271E63}.Debug|Any CPU.ActiveCfg = Debug|Any CPU
		{9D6167A1-AAEF-4E0E-B008-206B63271E63}.Debug|Any CPU.Build.0 = Debug|Any CPU
		{9D6167A1-AAEF-4E0E-B008-206B63271E63}.Release|Any CPU.ActiveCfg = Release|Any CPU
		{9D6167A1-AAEF-4E0E-B008-206B63271E63}.Release|Any CPU.Build.0 = Release|Any CPU
	EndGlobalSection
	GlobalSection(NestedProjects) = preSolution
		{ABF15446-C517-44CC-B908-15DB3726EA5B} = {6A2A7343-B661-4814-A732-C874F21239E1}
		{9D6167A1-AAEF-4E0E-B008-206B63271E63} = {E9C0FFB2-34F8-4155-8AFC-6CDB6622B8C7}
	EndGlobalSection
EndGlobal
